// !$*UTF8*$!
{
	archiveVersion = 1;
	classes = {
	};
	objectVersion = 46;
	objects = {

/* Begin PBXBuildFile section */
		DCA823FB16C974C700B1A98D /* UIKit.framework in Frameworks */ = {isa = PBXBuildFile; fileRef = DCA823FA16C974C700B1A98D /* UIKit.framework */; };
		DCA823FD16C974C700B1A98D /* Foundation.framework in Frameworks */ = {isa = PBXBuildFile; fileRef = DCA823FC16C974C700B1A98D /* Foundation.framework */; };
		DCA823FF16C974C700B1A98D /* CoreGraphics.framework in Frameworks */ = {isa = PBXBuildFile; fileRef = DCA823FE16C974C700B1A98D /* CoreGraphics.framework */; };
		DCA8240516C974C700B1A98D /* InfoPlist.strings in Resources */ = {isa = PBXBuildFile; fileRef = DCA8240316C974C700B1A98D /* InfoPlist.strings */; };
		DCA8240716C974C700B1A98D /* main.m in Sources */ = {isa = PBXBuildFile; fileRef = DCA8240616C974C700B1A98D /* main.m */; };
		DCA8240B16C974C700B1A98D /* MMAppDelegate.m in Sources */ = {isa = PBXBuildFile; fileRef = DCA8240A16C974C700B1A98D /* MMAppDelegate.m */; };
		DCA8240D16C974C700B1A98D /* Default.png in Resources */ = {isa = PBXBuildFile; fileRef = DCA8240C16C974C700B1A98D /* Default.png */; };
		DCA8240F16C974C700B1A98D /* Default@2x.png in Resources */ = {isa = PBXBuildFile; fileRef = DCA8240E16C974C700B1A98D /* Default@2x.png */; };
		DCA8241116C974C700B1A98D /* Default-568h@2x.png in Resources */ = {isa = PBXBuildFile; fileRef = DCA8241016C974C700B1A98D /* Default-568h@2x.png */; };
		DCA8241416C974C700B1A98D /* MMViewController.m in Sources */ = {isa = PBXBuildFile; fileRef = DCA8241316C974C700B1A98D /* MMViewController.m */; };
		DCA8241716C974C700B1A98D /* MMViewController.xib in Resources */ = {isa = PBXBuildFile; fileRef = DCA8241516C974C700B1A98D /* MMViewController.xib */; };
/* End PBXBuildFile section */

/* Begin PBXFileReference section */
		DCA823F716C974C700B1A98D /* RealStopWatch.app */ = {isa = PBXFileReference; explicitFileType = wrapper.application; includeInIndex = 0; path = RealStopWatch.app; sourceTree = BUILT_PRODUCTS_DIR; };
		DCA823FA16C974C700B1A98D /* UIKit.framework */ = {isa = PBXFileReference; lastKnownFileType = wrapper.framework; name = UIKit.framework; path = System/Library/Frameworks/UIKit.framework; sourceTree = SDKROOT; };
		DCA823FC16C974C700B1A98D /* Foundation.framework */ = {isa = PBXFileReference; lastKnownFileType = wrapper.framework; name = Foundation.framework; path = System/Library/Frameworks/Foundation.framework; sourceTree = SDKROOT; };
		DCA823FE16C974C700B1A98D /* CoreGraphics.framework */ = {isa = PBXFileReference; lastKnownFileType = wrapper.framework; name = CoreGraphics.framework; path = System/Library/Frameworks/CoreGraphics.framework; sourceTree = SDKROOT; };
		DCA8240216C974C700B1A98D /* RealStopWatch-Info.plist */ = {isa = PBXFileReference; lastKnownFileType = text.plist.xml; path = "RealStopWatch-Info.plist"; sourceTree = "<group>"; };
		DCA8240416C974C700B1A98D /* en */ = {isa = PBXFileReference; lastKnownFileType = text.plist.strings; name = en; path = en.lproj/InfoPlist.strings; sourceTree = "<group>"; };
		DCA8240616C974C700B1A98D /* main.m */ = {isa = PBXFileReference; lastKnownFileType = sourcecode.c.objc; path = main.m; sourceTree = "<group>"; };
		DCA8240816C974C700B1A98D /* RealStopWatch-Prefix.pch */ = {isa = PBXFileReference; lastKnownFileType = sourcecode.c.h; path = "RealStopWatch-Prefix.pch"; sourceTree = "<group>"; };
		DCA8240916C974C700B1A98D /* MMAppDelegate.h */ = {isa = PBXFileReference; lastKnownFileType = sourcecode.c.h; path = MMAppDelegate.h; sourceTree = "<group>"; };
		DCA8240A16C974C700B1A98D /* MMAppDelegate.m */ = {isa = PBXFileReference; lastKnownFileType = sourcecode.c.objc; path = MMAppDelegate.m; sourceTree = "<group>"; };
		DCA8240C16C974C700B1A98D /* Default.png */ = {isa = PBXFileReference; lastKnownFileType = image.png; path = Default.png; sourceTree = "<group>"; };
		DCA8240E16C974C700B1A98D /* Default@2x.png */ = {isa = PBXFileReference; lastKnownFileType = image.png; path = "Default@2x.png"; sourceTree = "<group>"; };
		DCA8241016C974C700B1A98D /* Default-568h@2x.png */ = {isa = PBXFileReference; lastKnownFileType = image.png; path = "Default-568h@2x.png"; sourceTree = "<group>"; };
		DCA8241216C974C700B1A98D /* MMViewController.h */ = {isa = PBXFileReference; lastKnownFileType = sourcecode.c.h; path = MMViewController.h; sourceTree = "<group>"; };
		DCA8241316C974C700B1A98D /* MMViewController.m */ = {isa = PBXFileReference; lastKnownFileType = sourcecode.c.objc; path = MMViewController.m; sourceTree = "<group>"; };
		DCA8241616C974C700B1A98D /* en */ = {isa = PBXFileReference; lastKnownFileType = file.xib; name = en; path = en.lproj/MMViewController.xib; sourceTree = "<group>"; };
/* End PBXFileReference section */

/* Begin PBXFrameworksBuildPhase section */
		DCA823F416C974C700B1A98D /* Frameworks */ = {
			isa = PBXFrameworksBuildPhase;
			buildActionMask = 2147483647;
			files = (
				DCA823FB16C974C700B1A98D /* UIKit.framework in Frameworks */,
				DCA823FD16C974C700B1A98D /* Foundation.framework in Frameworks */,
				DCA823FF16C974C700B1A98D /* CoreGraphics.framework in Frameworks */,
			);
			runOnlyForDeploymentPostprocessing = 0;
		};
/* End PBXFrameworksBuildPhase section */

/* Begin PBXGroup section */
		DCA823EE16C974C700B1A98D = {
			isa = PBXGroup;
			children = (
				DCA8240016C974C700B1A98D /* RealStopWatch */,
				DCA823F916C974C700B1A98D /* Frameworks */,
				DCA823F816C974C700B1A98D /* Products */,
			);
			sourceTree = "<group>";
		};
		DCA823F816C974C700B1A98D /* Products */ = {
			isa = PBXGroup;
			children = (
				DCA823F716C974C700B1A98D /* RealStopWatch.app */,
			);
			name = Products;
			sourceTree = "<group>";
		};
		DCA823F916C974C700B1A98D /* Frameworks */ = {
			isa = PBXGroup;
			children = (
				DCA823FA16C974C700B1A98D /* UIKit.framework */,
				DCA823FC16C974C700B1A98D /* Foundation.framework */,
				DCA823FE16C974C700B1A98D /* CoreGraphics.framework */,
			);
			name = Frameworks;
			sourceTree = "<group>";
		};
		DCA8240016C974C700B1A98D /* RealStopWatch */ = {
			isa = PBXGroup;
			children = (
				DCA8240916C974C700B1A98D /* MMAppDelegate.h */,
				DCA8240A16C974C700B1A98D /* MMAppDelegate.m */,
				DCA8241216C974C700B1A98D /* MMViewController.h */,
				DCA8241316C974C700B1A98D /* MMViewController.m */,
				DCA8241516C974C700B1A98D /* MMViewController.xib */,
				DCA8240116C974C700B1A98D /* Supporting Files */,
			);
			path = RealStopWatch;
			sourceTree = "<group>";
		};
		DCA8240116C974C700B1A98D /* Supporting Files */ = {
			isa = PBXGroup;
			children = (
				DCA8240216C974C700B1A98D /* RealStopWatch-Info.plist */,
				DCA8240316C974C700B1A98D /* InfoPlist.strings */,
				DCA8240616C974C700B1A98D /* main.m */,
				DCA8240816C974C700B1A98D /* RealStopWatch-Prefix.pch */,
				DCA8240C16C974C700B1A98D /* Default.png */,
				DCA8240E16C974C700B1A98D /* Default@2x.png */,
				DCA8241016C974C700B1A98D /* Default-568h@2x.png */,
			);
			name = "Supporting Files";
			sourceTree = "<group>";
		};
/* End PBXGroup section */

/* Begin PBXNativeTarget section */
		DCA823F616C974C700B1A98D /* RealStopWatch */ = {
			isa = PBXNativeTarget;
			buildConfigurationList = DCA8241A16C974C700B1A98D /* Build configuration list for PBXNativeTarget "RealStopWatch" */;
			buildPhases = (
				DCA823F316C974C700B1A98D /* Sources */,
				DCA823F416C974C700B1A98D /* Frameworks */,
				DCA823F516C974C700B1A98D /* Resources */,
			);
			buildRules = (
			);
			dependencies = (
			);
			name = RealStopWatch;
			productName = RealStopWatch;
			productReference = DCA823F716C974C700B1A98D /* RealStopWatch.app */;
			productType = "com.apple.product-type.application";
		};
/* End PBXNativeTarget section */

/* Begin PBXProject section */
		DCA823EF16C974C700B1A98D /* Project object */ = {
			isa = PBXProject;
			attributes = {
				CLASSPREFIX = MM;
				LastUpgradeCheck = 0460;
				ORGANIZATIONNAME = "Zanette Sanders";
			};
			buildConfigurationList = DCA823F216C974C700B1A98D /* Build configuration list for PBXProject "RealStopWatch" */;
			compatibilityVersion = "Xcode 3.2";
			developmentRegion = English;
			hasScannedForEncodings = 0;
			knownRegions = (
				en,
			);
			mainGroup = DCA823EE16C974C700B1A98D;
			productRefGroup = DCA823F816C974C700B1A98D /* Products */;
			projectDirPath = "";
			projectRoot = "";
			targets = (
				DCA823F616C974C700B1A98D /* RealStopWatch */,
			);
		};
/* End PBXProject section */

/* Begin PBXResourcesBuildPhase section */
		DCA823F516C974C700B1A98D /* Resources */ = {
			isa = PBXResourcesBuildPhase;
			buildActionMask = 2147483647;
			files = (
				DCA8240516C974C700B1A98D /* InfoPlist.strings in Resources */,
				DCA8240D16C974C700B1A98D /* Default.png in Resources */,
				DCA8240F16C974C700B1A98D /* Default@2x.png in Resources */,
				DCA8241116C974C700B1A98D /* Default-568h@2x.png in Resources */,
				DCA8241716C974C700B1A98D /* MMViewController.xib in Resources */,
			);
			runOnlyForDeploymentPostprocessing = 0;
		};
/* End PBXResourcesBuildPhase section */

/* Begin PBXSourcesBuildPhase section */
		DCA823F316C974C700B1A98D /* Sources */ = {
			isa = PBXSourcesBuildPhase;
			buildActionMask = 2147483647;
			files = (
				DCA8240716C974C700B1A98D /* main.m in Sources */,
				DCA8240B16C974C700B1A98D /* MMAppDelegate.m in Sources */,
				DCA8241416C974C700B1A98D /* MMViewController.m in Sources */,
			);
			runOnlyForDeploymentPostprocessing = 0;
		};
/* End PBXSourcesBuildPhase section */

/* Begin PBXVariantGroup section */
		DCA8240316C974C700B1A98D /* InfoPlist.strings */ = {
			isa = PBXVariantGroup;
			children = (
				DCA8240416C974C700B1A98D /* en */,
			);
			name = InfoPlist.strings;
			sourceTree = "<group>";
		};
		DCA8241516C974C700B1A98D /* MMViewController.xib */ = {
			isa = PBXVariantGroup;
			children = (
				DCA8241616C974C700B1A98D /* en */,
			);
			name = MMViewController.xib;
			sourceTree = "<group>";
		};
/* End PBXVariantGroup section */

/* Begin XCBuildConfiguration section */
		DCA8241816C974C700B1A98D /* Debug */ = {
			isa = XCBuildConfiguration;
			buildSettings = {
				ALWAYS_SEARCH_USER_PATHS = NO;
				CLANG_CXX_LANGUAGE_STANDARD = "gnu++0x";
				CLANG_CXX_LIBRARY = "libc++";
				CLANG_WARN_CONSTANT_CONVERSION = YES;
				CLANG_WARN_EMPTY_BODY = YES;
				CLANG_WARN_ENUM_CONVERSION = YES;
				CLANG_WARN_INT_CONVERSION = YES;
				CLANG_WARN__DUPLICATE_METHOD_MATCH = YES;
				"CODE_SIGN_IDENTITY[sdk=iphoneos*]" = "iPhone Developer";
				COPY_PHASE_STRIP = NO;
				GCC_C_LANGUAGE_STANDARD = gnu99;
				GCC_DYNAMIC_NO_PIC = NO;
				GCC_OPTIMIZATION_LEVEL = 0;
				GCC_PREPROCESSOR_DEFINITIONS = (
					"DEBUG=1",
					"$(inherited)",
				);
				GCC_SYMBOLS_PRIVATE_EXTERN = NO;
				GCC_WARN_ABOUT_RETURN_TYPE = YES;
				GCC_WARN_UNINITIALIZED_AUTOS = YES;
				GCC_WARN_UNUSED_VARIABLE = YES;
				IPHONEOS_DEPLOYMENT_TARGET = 6.1;
				ONLY_ACTIVE_ARCH = YES;
				SDKROOT = iphoneos;
			};
			name = Debug;
		};
		DCA8241916C974C700B1A98D /* Release */ = {
			isa = XCBuildConfiguration;
			buildSettings = {
				ALWAYS_SEARCH_USER_PATHS = NO;
				CLANG_CXX_LANGUAGE_STANDARD = "gnu++0x";
				CLANG_CXX_LIBRARY = "libc++";
				CLANG_WARN_CONSTANT_CONVERSION = YES;
				CLANG_WARN_EMPTY_BODY = YES;
				CLANG_WARN_ENUM_CONVERSION = YES;
				CLANG_WARN_INT_CONVERSION = YES;
				CLANG_WARN__DUPLICATE_METHOD_MATCH = YES;
				"CODE_SIGN_IDENTITY[sdk=iphoneos*]" = "iPhone Developer";
				COPY_PHASE_STRIP = YES;
				GCC_C_LANGUAGE_STANDARD = gnu99;
				GCC_WARN_ABOUT_RETURN_TYPE = YES;
				GCC_WARN_UNINITIALIZED_AUTOS = YES;
				GCC_WARN_UNUSED_VARIABLE = YES;
				IPHONEOS_DEPLOYMENT_TARGET = 6.1;
				OTHER_CFLAGS = "-DNS_BLOCK_ASSERTIONS=1";
				SDKROOT = iphoneos;
				VALIDATE_PRODUCT = YES;
			};
			name = Release;
		};
		DCA8241B16C974C700B1A98D /* Debug */ = {
			isa = XCBuildConfiguration;
			buildSettings = {
				GCC_PRECOMPILE_PREFIX_HEADER = YES;
				GCC_PREFIX_HEADER = "RealStopWatch/RealStopWatch-Prefix.pch";
				INFOPLIST_FILE = "RealStopWatch/RealStopWatch-Info.plist";
				PRODUCT_NAME = "$(TARGET_NAME)";
				WRAPPER_EXTENSION = app;
			};
			name = Debug;
		};
		DCA8241C16C974C700B1A98D /* Release */ = {
			isa = XCBuildConfiguration;
			buildSettings = {
				GCC_PRECOMPILE_PREFIX_HEADER = YES;
				GCC_PREFIX_HEADER = "RealStopWatch/RealStopWatch-Prefix.pch";
				INFOPLIST_FILE = "RealStopWatch/RealStopWatch-Info.plist";
				PRODUCT_NAME = "$(TARGET_NAME)";
				WRAPPER_EXTENSION = app;
			};
			name = Release;
		};
/* End XCBuildConfiguration section */

/* Begin XCConfigurationList section */
		DCA823F216C974C700B1A98D /* Build configuration list for PBXProject "RealStopWatch" */ = {
			isa = XCConfigurationList;
			buildConfigurations = (
				DCA8241816C974C700B1A98D /* Debug */,
				DCA8241916C974C700B1A98D /* Release */,
			);
			defaultConfigurationIsVisible = 0;
			defaultConfigurationName = Release;
		};
		DCA8241A16C974C700B1A98D /* Build configuration list for PBXNativeTarget "RealStopWatch" */ = {
			isa = XCConfigurationList;
			buildConfigurations = (
				DCA8241B16C974C700B1A98D /* Debug */,
				DCA8241C16C974C700B1A98D /* Release */,
			);
			defaultConfigurationIsVisible = 0;
		};
/* End XCConfigurationList section */
	};
	rootObject = DCA823EF16C974C700B1A98D /* Project object */;
}
